dependencies:
- name: redis
  repository: oci://registry-1.docker.io/bitnamicharts
  version: 17.17.1
- name: mongodb
  repository: oci://registry-1.docker.io/bitnamicharts
  version: 13.18.5
- name: common
  repository: oci://registry-1.docker.io/bitnamicharts
  version: 2.30.0
- name: localstack
  repository: https://localstack.github.io/helm-charts
  version: 0.4.3
digest: sha256:522d4191806c512737f1d4f18870f87c5efea67480cae718de3d2cce0e85bba2
generated: "2025-03-27T16:22:37.557909+01:00"
